# Generated by pub
# See http://pub.dartlang.org/doc/glossary.html#lockfile
packages:
  benchmark_harness:
    description: benchmark_harness
    source: hosted
    version: "1.0.3"
  browser:
    description: browser
    source: hosted
    version: "0.9.1"
  game_loop:
    description: game_loop
    source: hosted
    version: "0.9.4"
  vector_math:
    description: vector_math
    source: hosted
    version: "1.4.2"
